
Microsoft Visual Studio Solution File, Format Version 12.00
# Visual Studio Version 17
VisualStudioVersion = 17.10.34916.146
MinimumVisualStudioVersion = 10.0.40219.1
Project("{FAE04EC0-301F-11D3-BF4B-00C04F79EFBC}") = "ChecklistManager.Server", "ChecklistManager.Server\ChecklistManager.Server.csproj", "{5CABAAF7-BB63-4502-BC90-77915495EA6B}"
EndProject
Project("{54A90642-561A-4BB1-A94E-469ADEE60C69}") = "checklistmanager.client", "checklistmanager.client\checklistmanager.client.esproj", "{FE1C8A50-9858-4AB2-928A-C5E44DD9BF56}"
EndProject
Global
	GlobalSection(SolutionConfigurationPlatforms) = preSolution
		Debug|Any CPU = Debug|Any CPU
		Release|Any CPU = Release|Any CPU
	EndGlobalSection
	GlobalSection(ProjectConfigurationPlatforms) = postSolution
		{5CABAAF7-BB63-4502-BC90-77915495EA6B}.Debug|Any CPU.ActiveCfg = Debug|Any CPU
		{5CABAAF7-BB63-4502-BC90-77915495EA6B}.Debug|Any CPU.Build.0 = Debug|Any CPU
		{5CABAAF7-BB63-4502-BC90-77915495EA6B}.Release|Any CPU.ActiveCfg = Release|Any CPU
		{5CABAAF7-BB63-4502-BC90-77915495EA6B}.Release|Any CPU.Build.0 = Release|Any CPU
		{FE1C8A50-9858-4AB2-928A-C5E44DD9BF56}.Debug|Any CPU.ActiveCfg = Debug|Any CPU
		{FE1C8A50-9858-4AB2-928A-C5E44DD9BF56}.Debug|Any CPU.Build.0 = Debug|Any CPU
		{FE1C8A50-9858-4AB2-928A-C5E44DD9BF56}.Debug|Any CPU.Deploy.0 = Debug|Any CPU
		{FE1C8A50-9858-4AB2-928A-C5E44DD9BF56}.Release|Any CPU.ActiveCfg = Release|Any CPU
		{FE1C8A50-9858-4AB2-928A-C5E44DD9BF56}.Release|Any CPU.Build.0 = Release|Any CPU
		{FE1C8A50-9858-4AB2-928A-C5E44DD9BF56}.Release|Any CPU.Deploy.0 = Release|Any CPU
	EndGlobalSection
	GlobalSection(SolutionProperties) = preSolution
		HideSolutionNode = FALSE
	EndGlobalSection
	GlobalSection(ExtensibilityGlobals) = postSolution
		SolutionGuid = {3D8149D0-0F5D-49ED-8F52-35E07C4D6509}
	EndGlobalSection
EndGlobal
